# THIS IS AN AUTOGENERATED FILE. DO NOT EDIT THIS FILE DIRECTLY.
# yarn lockfile v1


copy-text-to-clipboard@^3.0.1:
  version "3.0.1"
  resolved "https://registry.nlark.com/copy-text-to-clipboard/download/copy-text-to-clipboard-3.0.1.tgz#8cbf8f90e0a47f12e4a24743736265d157bce69c"
  integrity sha1-jL+PkOCkfxLkokdDc2Jl0Ve85pw=

core-js@^3.11.0:
  version "3.15.0"
  resolved "https://registry.nlark.com/core-js/download/core-js-3.15.0.tgz?cache=0&sync_timestamp=1624210413587&other_urls=https%3A%2F%2Fregistry.nlark.com%2Fcore-js%2Fdownload%2Fcore-js-3.15.0.tgz#db9554ebce0b6fd90dc9b1f2465c841d2d055044"
  integrity sha1-25VU684Lb9kNybHyRlyEHS0FUEQ=

crypto-js@^4.0.0:
  version "4.0.0"
  resolved "https://registry.npm.taobao.org/crypto-js/download/crypto-js-4.0.0.tgz#2904ab2677a9d042856a2ea2ef80de92e4a36dcc"
  integrity sha1-KQSrJnep0EKFai6i74DekuSjbcw=

js-audio-recorder@^1.0.7:
  version "1.0.7"
  resolved "https://registry.nlark.com/js-audio-recorder/download/js-audio-recorder-1.0.7.tgz#01501cb9eb143d57994b42bd5ae97974fda18908"
  integrity sha1-AVAcuesUPVeZS0K9Wul5dP2hiQg=

moment@^2.29.1:
  version "2.29.1"
  resolved "https://registry.nlark.com/moment/download/moment-2.29.1.tgz#b2be769fa31940be9eeea6469c075e35006fa3d3"
  integrity sha1-sr52n6MZQL6e7qZGnAdeNQBvo9M=

mutation-observer@^1.0.3:
  version "1.0.3"
  resolved "https://registry.npm.taobao.org/mutation-observer/download/mutation-observer-1.0.3.tgz#42e9222b101bca82e5ba9d5a7acf4a14c0f263d0"
  integrity sha1-QukiKxAbyoLlup1aes9KFMDyY9A=

vconsole@^3.7.0:
  version "3.7.0"
  resolved "https://registry.nlark.com/vconsole/download/vconsole-3.7.0.tgz?cache=0&sync_timestamp=1622107701543&other_urls=https%3A%2F%2Fregistry.nlark.com%2Fvconsole%2Fdownload%2Fvconsole-3.7.0.tgz#7b347fc635eb09646bb50f0ce0cbfba1852af1b1"
  integrity sha1-ezR/xjXrCWRrtQ8M4Mv7oYUq8bE=
  dependencies:
    copy-text-to-clipboard "^3.0.1"
    core-js "^3.11.0"
    mutation-observer "^1.0.3"

vue-jsonp@^2.0.0:
  version "2.0.0"
  resolved "https://registry.nlark.com/vue-jsonp/download/vue-jsonp-2.0.0.tgz#3bfac56bb72941a2511c11e1a123b876f03427f7"
  integrity sha1-O/rFa7cpQaJRHBHhoSO4dvA0J/c=
